
Microsoft Visual Studio Solution File, Format Version 12.00
# Visual Studio 15
VisualStudioVersion = 15.0.26730.15
MinimumVisualStudioVersion = 10.0.40219.1
Project("{FAE04EC0-301F-11D3-BF4B-00C04F79EFBC}") = "RegexTest", "RegexTest\RegexTest.csproj", "{FF354777-1B91-4A53-AE2C-725005BAD7D3}"
EndProject
Global
	GlobalSection(SolutionConfigurationPlatforms) = preSolution
		Debug|Any CPU = Debug|Any CPU
		Release|Any CPU = Release|Any CPU
	EndGlobalSection
	GlobalSection(ProjectConfigurationPlatforms) = postSolution
		{FF354777-1B91-4A53-AE2C-725005BAD7D3}.Debug|Any CPU.ActiveCfg = Debug|Any CPU
		{FF354777-1B91-4A53-AE2C-725005BAD7D3}.Debug|Any CPU.Build.0 = Debug|Any CPU
		{FF354777-1B91-4A53-AE2C-725005BAD7D3}.Release|Any CPU.ActiveCfg = Release|Any CPU
		{FF354777-1B91-4A53-AE2C-725005BAD7D3}.Release|Any CPU.Build.0 = Release|Any CPU
	EndGlobalSection
	GlobalSection(SolutionProperties) = preSolution
		HideSolutionNode = FALSE
	EndGlobalSection
	GlobalSection(ExtensibilityGlobals) = postSolution
		SolutionGuid = {AE742193-48F0-4464-9AE3-27BC747ADE96}
	EndGlobalSection
EndGlobal
